// !$*UTF8*$!
{
	archiveVersion = 1;
	classes = {
	};
	objectVersion = 51;
	objects = {

/* Begin PBXBuildFile section */
		0637A9A0263E87750076CB04 /* AddUserViewModel.swift in Sources */ = {isa = PBXBuildFile; fileRef = 0637A99F263E87750076CB04 /* AddUserViewModel.swift */; };
		0637A9A7263E89510076CB04 /* ComponentViewModel.swift in Sources */ = {isa = PBXBuildFile; fileRef = 0637A9A6263E89510076CB04 /* ComponentViewModel.swift */; };
		0637A9AD263E89790076CB04 /* ViewModelProtocol.swift in Sources */ = {isa = PBXBuildFile; fileRef = 0637A9AC263E89790076CB04 /* ViewModelProtocol.swift */; };
		064F895B263BFDFB00C6F508 /* AppDelegate.swift in Sources */ = {isa = PBXBuildFile; fileRef = 064F895A263BFDFB00C6F508 /* AppDelegate.swift */; };
		064F895D263BFDFB00C6F508 /* SceneDelegate.swift in Sources */ = {isa = PBXBuildFile; fileRef = 064F895C263BFDFB00C6F508 /* SceneDelegate.swift */; };
		064F895F263BFDFB00C6F508 /* ComponentListViewController.swift in Sources */ = {isa = PBXBuildFile; fileRef = 064F895E263BFDFB00C6F508 /* ComponentListViewController.swift */; };
		064F8962263BFDFB00C6F508 /* Main.storyboard in Resources */ = {isa = PBXBuildFile; fileRef = 064F8960263BFDFB00C6F508 /* Main.storyboard */; };
		064F8964263BFDFE00C6F508 /* Assets.xcassets in Resources */ = {isa = PBXBuildFile; fileRef = 064F8963263BFDFE00C6F508 /* Assets.xcassets */; };
		064F8967263BFDFE00C6F508 /* LaunchScreen.storyboard in Resources */ = {isa = PBXBuildFile; fileRef = 064F8965263BFDFE00C6F508 /* LaunchScreen.storyboard */; };
		0665B12F26400DAD00D0D398 /* User.swift in Sources */ = {isa = PBXBuildFile; fileRef = 0665B12E26400DAD00D0D398 /* User.swift */; };
		0665B14D26402A1B00D0D398 /* CoreDataUserListViewModel.swift in Sources */ = {isa = PBXBuildFile; fileRef = 0665B14C26402A1B00D0D398 /* CoreDataUserListViewModel.swift */; };
		066BD297263FC4D400EB24B5 /* RegexType.swift in Sources */ = {isa = PBXBuildFile; fileRef = 066BD296263FC4D400EB24B5 /* RegexType.swift */; };
		0684F4C4263FEE6300A45304 /* String+Extension.swift in Sources */ = {isa = PBXBuildFile; fileRef = 0684F4C3263FEE6300A45304 /* String+Extension.swift */; };
		069A86DF263C2761008F8A60 /* Storyboarable.swift in Sources */ = {isa = PBXBuildFile; fileRef = 069A86DE263C2761008F8A60 /* Storyboarable.swift */; };
		069A871E263C4A58008F8A60 /* RxSwift-Project.xcdatamodeld in Sources */ = {isa = PBXBuildFile; fileRef = 069A871C263C4A58008F8A60 /* RxSwift-Project.xcdatamodeld */; };
		06AF1086263C10D2001ACDB0 /* CoreDataListViewController.swift in Sources */ = {isa = PBXBuildFile; fileRef = 06AF1085263C10D1001ACDB0 /* CoreDataListViewController.swift */; };
		06AF1090263C1136001ACDB0 /* CoreDataListModel.swift in Sources */ = {isa = PBXBuildFile; fileRef = 06AF108F263C1136001ACDB0 /* CoreDataListModel.swift */; };
		06AF1099263C1540001ACDB0 /* ComponentModel.swift in Sources */ = {isa = PBXBuildFile; fileRef = 06AF1098263C1540001ACDB0 /* ComponentModel.swift */; };
		06C1C3CF263D901E004FA0C4 /* CoreDataModel.swift in Sources */ = {isa = PBXBuildFile; fileRef = 06C1C3CE263D901E004FA0C4 /* CoreDataModel.swift */; };
		06C1C3D2263D97AB004FA0C4 /* AddUserViewController.swift in Sources */ = {isa = PBXBuildFile; fileRef = 06C1C3D1263D97AB004FA0C4 /* AddUserViewController.swift */; };
		06C1C3D6263D9A1D004FA0C4 /* CoraData.storyboard in Resources */ = {isa = PBXBuildFile; fileRef = 06C1C3D5263D9A1D004FA0C4 /* CoraData.storyboard */; };
		06EEAE63264268C30099C104 /* EmailViewModel.swift in Sources */ = {isa = PBXBuildFile; fileRef = 06EEAE62264268C30099C104 /* EmailViewModel.swift */; };
		06EEAE66264268E50099C104 /* Text.swift in Sources */ = {isa = PBXBuildFile; fileRef = 06EEAE65264268E50099C104 /* Text.swift */; };
		06EEAE6926426AA60099C104 /* MobileViewModel.swift in Sources */ = {isa = PBXBuildFile; fileRef = 06EEAE6826426AA60099C104 /* MobileViewModel.swift */; };
		06EEAE6C26426B2D0099C104 /* FullNameViewModel.swift in Sources */ = {isa = PBXBuildFile; fileRef = 06EEAE6B26426B2D0099C104 /* FullNameViewModel.swift */; };
		06EEAE9D2642857A0099C104 /* Extension+UIAlertController.swift in Sources */ = {isa = PBXBuildFile; fileRef = 06EEAE9C2642857A0099C104 /* Extension+UIAlertController.swift */; };
		06EEAED62642B6680099C104 /* RxMediaPicker.swift in Sources */ = {isa = PBXBuildFile; fileRef = 06EEAED52642B6680099C104 /* RxMediaPicker.swift */; };
		06EEAEDC2642BBFD0099C104 /* Gallery.storyboard in Resources */ = {isa = PBXBuildFile; fileRef = 06EEAEDB2642BBFD0099C104 /* Gallery.storyboard */; };
		06EEAEE42642BD6D0099C104 /* GalleryViewController.swift in Sources */ = {isa = PBXBuildFile; fileRef = 06EEAEE32642BD6D0099C104 /* GalleryViewController.swift */; };
		06EEAEEC2642BDA60099C104 /* GalleryViewModel.swift in Sources */ = {isa = PBXBuildFile; fileRef = 06EEAEEB2642BDA60099C104 /* GalleryViewModel.swift */; };
		06EEAEF32642C2850099C104 /* GalleryCollectionCell.swift in Sources */ = {isa = PBXBuildFile; fileRef = 06EEAEF12642C2850099C104 /* GalleryCollectionCell.swift */; };
		06EEAEF42642C2850099C104 /* GalleryCollectionCell.xib in Resources */ = {isa = PBXBuildFile; fileRef = 06EEAEF22642C2850099C104 /* GalleryCollectionCell.xib */; };
		06EEAEF82642C3DA0099C104 /* GalleryModel.swift in Sources */ = {isa = PBXBuildFile; fileRef = 06EEAEF72642C3DA0099C104 /* GalleryModel.swift */; };
		A51A2ED3C5B75CDACEAFE7A3 /* Pods_RxSwift_Project.framework in Frameworks */ = {isa = PBXBuildFile; fileRef = 1D73FB7E9D3F49EE7C8E69FD /* Pods_RxSwift_Project.framework */; };
/* End PBXBuildFile section */

/* Begin PBXFileReference section */
		0637A99F263E87750076CB04 /* AddUserViewModel.swift */ = {isa = PBXFileReference; lastKnownFileType = sourcecode.swift; path = AddUserViewModel.swift; sourceTree = "<group>"; };
		0637A9A6263E89510076CB04 /* ComponentViewModel.swift */ = {isa = PBXFileReference; lastKnownFileType = sourcecode.swift; path = ComponentViewModel.swift; sourceTree = "<group>"; };
		0637A9AC263E89790076CB04 /* ViewModelProtocol.swift */ = {isa = PBXFileReference; lastKnownFileType = sourcecode.swift; path = ViewModelProtocol.swift; sourceTree = "<group>"; };
		064F8957263BFDFB00C6F508 /* RxSwift-Project.app */ = {isa = PBXFileReference; explicitFileType = wrapper.application; includeInIndex = 0; path = "RxSwift-Project.app"; sourceTree = BUILT_PRODUCTS_DIR; };
		064F895A263BFDFB00C6F508 /* AppDelegate.swift */ = {isa = PBXFileReference; lastKnownFileType = sourcecode.swift; path = AppDelegate.swift; sourceTree = "<group>"; };
		064F895C263BFDFB00C6F508 /* SceneDelegate.swift */ = {isa = PBXFileReference; lastKnownFileType = sourcecode.swift; path = SceneDelegate.swift; sourceTree = "<group>"; };
		064F895E263BFDFB00C6F508 /* ComponentListViewController.swift */ = {isa = PBXFileReference; lastKnownFileType = sourcecode.swift; path = ComponentListViewController.swift; sourceTree = "<group>"; };
		064F8961263BFDFB00C6F508 /* Base */ = {isa = PBXFileReference; lastKnownFileType = file.storyboard; name = Base; path = Base.lproj/Main.storyboard; sourceTree = "<group>"; };
		064F8963263BFDFE00C6F508 /* Assets.xcassets */ = {isa = PBXFileReference; lastKnownFileType = folder.assetcatalog; path = Assets.xcassets; sourceTree = "<group>"; };
		064F8966263BFDFE00C6F508 /* Base */ = {isa = PBXFileReference; lastKnownFileType = file.storyboard; name = Base; path = Base.lproj/LaunchScreen.storyboard; sourceTree = "<group>"; };
		064F8968263BFDFE00C6F508 /* Info.plist */ = {isa = PBXFileReference; lastKnownFileType = text.plist.xml; path = Info.plist; sourceTree = "<group>"; };
		0665B12E26400DAD00D0D398 /* User.swift */ = {isa = PBXFileReference; lastKnownFileType = sourcecode.swift; path = User.swift; sourceTree = "<group>"; };
		0665B14C26402A1B00D0D398 /* CoreDataUserListViewModel.swift */ = {isa = PBXFileReference; lastKnownFileType = sourcecode.swift; path = CoreDataUserListViewModel.swift; sourceTree = "<group>"; };
		066BD296263FC4D400EB24B5 /* RegexType.swift */ = {isa = PBXFileReference; lastKnownFileType = sourcecode.swift; path = RegexType.swift; sourceTree = "<group>"; };
		0684F4C3263FEE6300A45304 /* String+Extension.swift */ = {isa = PBXFileReference; lastKnownFileType = sourcecode.swift; path = "String+Extension.swift"; sourceTree = "<group>"; };
		069A86DE263C2761008F8A60 /* Storyboarable.swift */ = {isa = PBXFileReference; lastKnownFileType = sourcecode.swift; path = Storyboarable.swift; sourceTree = "<group>"; };
		069A871D263C4A58008F8A60 /* Model.xcdatamodel */ = {isa = PBXFileReference; lastKnownFileType = wrapper.xcdatamodel; path = Model.xcdatamodel; sourceTree = "<group>"; };
		06AF1085263C10D1001ACDB0 /* CoreDataListViewController.swift */ = {isa = PBXFileReference; lastKnownFileType = sourcecode.swift; path = CoreDataListViewController.swift; sourceTree = "<group>"; };
		06AF108F263C1136001ACDB0 /* CoreDataListModel.swift */ = {isa = PBXFileReference; lastKnownFileType = sourcecode.swift; path = CoreDataListModel.swift; sourceTree = "<group>"; };
		06AF1098263C1540001ACDB0 /* ComponentModel.swift */ = {isa = PBXFileReference; lastKnownFileType = sourcecode.swift; path = ComponentModel.swift; sourceTree = "<group>"; };
		06C1C3CE263D901E004FA0C4 /* CoreDataModel.swift */ = {isa = PBXFileReference; lastKnownFileType = sourcecode.swift; path = CoreDataModel.swift; sourceTree = "<group>"; };
		06C1C3D1263D97AB004FA0C4 /* AddUserViewController.swift */ = {isa = PBXFileReference; lastKnownFileType = sourcecode.swift; path = AddUserViewController.swift; sourceTree = "<group>"; };
		06C1C3D5263D9A1D004FA0C4 /* CoraData.storyboard */ = {isa = PBXFileReference; lastKnownFileType = file.storyboard; path = CoraData.storyboard; sourceTree = "<group>"; };
		06EEAE62264268C30099C104 /* EmailViewModel.swift */ = {isa = PBXFileReference; lastKnownFileType = sourcecode.swift; path = EmailViewModel.swift; sourceTree = "<group>"; };
		06EEAE65264268E50099C104 /* Text.swift */ = {isa = PBXFileReference; lastKnownFileType = sourcecode.swift; path = Text.swift; sourceTree = "<group>"; };
		06EEAE6826426AA60099C104 /* MobileViewModel.swift */ = {isa = PBXFileReference; lastKnownFileType = sourcecode.swift; path = MobileViewModel.swift; sourceTree = "<group>"; };
		06EEAE6B26426B2D0099C104 /* FullNameViewModel.swift */ = {isa = PBXFileReference; lastKnownFileType = sourcecode.swift; path = FullNameViewModel.swift; sourceTree = "<group>"; };
		06EEAE9C2642857A0099C104 /* Extension+UIAlertController.swift */ = {isa = PBXFileReference; lastKnownFileType = sourcecode.swift; path = "Extension+UIAlertController.swift"; sourceTree = "<group>"; };
		06EEAED52642B6680099C104 /* RxMediaPicker.swift */ = {isa = PBXFileReference; lastKnownFileType = sourcecode.swift; path = RxMediaPicker.swift; sourceTree = "<group>"; };
		06EEAEDB2642BBFD0099C104 /* Gallery.storyboard */ = {isa = PBXFileReference; lastKnownFileType = file.storyboard; path = Gallery.storyboard; sourceTree = "<group>"; };
		06EEAEE32642BD6D0099C104 /* GalleryViewController.swift */ = {isa = PBXFileReference; lastKnownFileType = sourcecode.swift; path = GalleryViewController.swift; sourceTree = "<group>"; };
		06EEAEEB2642BDA60099C104 /* GalleryViewModel.swift */ = {isa = PBXFileReference; lastKnownFileType = sourcecode.swift; path = GalleryViewModel.swift; sourceTree = "<group>"; };
		06EEAEF12642C2850099C104 /* GalleryCollectionCell.swift */ = {isa = PBXFileReference; lastKnownFileType = sourcecode.swift; path = GalleryCollectionCell.swift; sourceTree = "<group>"; };
		06EEAEF22642C2850099C104 /* GalleryCollectionCell.xib */ = {isa = PBXFileReference; lastKnownFileType = file.xib; path = GalleryCollectionCell.xib; sourceTree = "<group>"; };
		06EEAEF72642C3DA0099C104 /* GalleryModel.swift */ = {isa = PBXFileReference; lastKnownFileType = sourcecode.swift; path = GalleryModel.swift; sourceTree = "<group>"; };
		1D73FB7E9D3F49EE7C8E69FD /* Pods_RxSwift_Project.framework */ = {isa = PBXFileReference; explicitFileType = wrapper.framework; includeInIndex = 0; path = Pods_RxSwift_Project.framework; sourceTree = BUILT_PRODUCTS_DIR; };
		447DF1EDE267E66388339885 /* Pods-RxSwift-Project.debug.xcconfig */ = {isa = PBXFileReference; includeInIndex = 1; lastKnownFileType = text.xcconfig; name = "Pods-RxSwift-Project.debug.xcconfig"; path = "Target Support Files/Pods-RxSwift-Project/Pods-RxSwift-Project.debug.xcconfig"; sourceTree = "<group>"; };
		CE27F1B2494418CD76B219E9 /* Pods-RxSwift-Project.release.xcconfig */ = {isa = PBXFileReference; includeInIndex = 1; lastKnownFileType = text.xcconfig; name = "Pods-RxSwift-Project.release.xcconfig"; path = "Target Support Files/Pods-RxSwift-Project/Pods-RxSwift-Project.release.xcconfig"; sourceTree = "<group>"; };
/* End PBXFileReference section */

/* Begin PBXFrameworksBuildPhase section */
		064F8954263BFDFB00C6F508 /* Frameworks */ = {
			isa = PBXFrameworksBuildPhase;
			buildActionMask = 2147483647;
			files = (
				A51A2ED3C5B75CDACEAFE7A3 /* Pods_RxSwift_Project.framework in Frameworks */,
			);
			runOnlyForDeploymentPostprocessing = 0;
		};
/* End PBXFrameworksBuildPhase section */

/* Begin PBXGroup section */
		0637A9A2263E87820076CB04 /* View+ViewController */ = {
			isa = PBXGroup;
			children = (
				064F895E263BFDFB00C6F508 /* ComponentListViewController.swift */,
			);
			path = "View+ViewController";
			sourceTree = "<group>";
		};
		0637A9A4263E87930076CB04 /* Model */ = {
			isa = PBXGroup;
			children = (
				06AF1098263C1540001ACDB0 /* ComponentModel.swift */,
			);
			path = Model;
			sourceTree = "<group>";
		};
		0637A9A9263E89540076CB04 /* ViewModel */ = {
			isa = PBXGroup;
			children = (
				0637A9A6263E89510076CB04 /* ComponentViewModel.swift */,
			);
			path = ViewModel;
			sourceTree = "<group>";
		};
		0637A9AB263E895E0076CB04 /* Screens */ = {
			isa = PBXGroup;
			children = (
				06AF1096263C1531001ACDB0 /* Component */,
				06AF1088263C10DA001ACDB0 /* CoreData */,
				0637A9B9263E8A1C0076CB04 /* Common */,
				06EEAEE72642BD7B0099C104 /* Gallery */,
			);
			path = Screens;
			sourceTree = "<group>";
		};
		0637A9B9263E8A1C0076CB04 /* Common */ = {
			isa = PBXGroup;
			children = (
				0637A9AC263E89790076CB04 /* ViewModelProtocol.swift */,
				0665B12E26400DAD00D0D398 /* User.swift */,
			);
			path = Common;
			sourceTree = "<group>";
		};
		064F894E263BFDFB00C6F508 = {
			isa = PBXGroup;
			children = (
				064F8959263BFDFB00C6F508 /* RxSwift-Project */,
				064F8958263BFDFB00C6F508 /* Products */,
				5B0051C387F4CC8DAB736DAB /* Pods */,
				0F2A2F3DDB4D254510EFCCF1 /* Frameworks */,
			);
			sourceTree = "<group>";
		};
		064F8958263BFDFB00C6F508 /* Products */ = {
			isa = PBXGroup;
			children = (
				064F8957263BFDFB00C6F508 /* RxSwift-Project.app */,
			);
			name = Products;
			sourceTree = "<group>";
		};
		064F8959263BFDFB00C6F508 /* RxSwift-Project */ = {
			isa = PBXGroup;
			children = (
				064F895A263BFDFB00C6F508 /* AppDelegate.swift */,
				064F895C263BFDFB00C6F508 /* SceneDelegate.swift */,
				069A86F3263C29DF008F8A60 /* Helper */,
				0637A9AB263E895E0076CB04 /* Screens */,
				06C1C3D4263D99F4004FA0C4 /* Storyboard */,
				064F8963263BFDFE00C6F508 /* Assets.xcassets */,
				069A871C263C4A58008F8A60 /* RxSwift-Project.xcdatamodeld */,
				064F8968263BFDFE00C6F508 /* Info.plist */,
			);
			path = "RxSwift-Project";
			sourceTree = "<group>";
		};
		069A86F3263C29DF008F8A60 /* Helper */ = {
			isa = PBXGroup;
			children = (
				06EEAED82642B79E0099C104 /* RxMediaPicker */,
				069A86DE263C2761008F8A60 /* Storyboarable.swift */,
				0684F4C3263FEE6300A45304 /* String+Extension.swift */,
				066BD296263FC4D400EB24B5 /* RegexType.swift */,
				06EEAE65264268E50099C104 /* Text.swift */,
				06EEAE9F264285970099C104 /* Extensions */,
			);
			path = Helper;
			sourceTree = "<group>";
		};
		06AF1088263C10DA001ACDB0 /* CoreData */ = {
			isa = PBXGroup;
			children = (
				06AF108A263C10E4001ACDB0 /* View+ViewController */,
				06AF1094263C1143001ACDB0 /* ViewModel */,
				06AF1092263C113A001ACDB0 /* Model */,
			);
			path = CoreData;
			sourceTree = "<group>";
		};
		06AF108A263C10E4001ACDB0 /* View+ViewController */ = {
			isa = PBXGroup;
			children = (
				06AF1085263C10D1001ACDB0 /* CoreDataListViewController.swift */,
				06C1C3D1263D97AB004FA0C4 /* AddUserViewController.swift */,
			);
			path = "View+ViewController";
			sourceTree = "<group>";
		};
		06AF1092263C113A001ACDB0 /* Model */ = {
			isa = PBXGroup;
			children = (
				06AF108F263C1136001ACDB0 /* CoreDataListModel.swift */,
				06C1C3CE263D901E004FA0C4 /* CoreDataModel.swift */,
			);
			path = Model;
			sourceTree = "<group>";
		};
		06AF1094263C1143001ACDB0 /* ViewModel */ = {
			isa = PBXGroup;
			children = (
				0637A99F263E87750076CB04 /* AddUserViewModel.swift */,
				0665B14C26402A1B00D0D398 /* CoreDataUserListViewModel.swift */,
				06EEAE62264268C30099C104 /* EmailViewModel.swift */,
				06EEAE6826426AA60099C104 /* MobileViewModel.swift */,
				06EEAE6B26426B2D0099C104 /* FullNameViewModel.swift */,
			);
			path = ViewModel;
			sourceTree = "<group>";
		};
		06AF1096263C1531001ACDB0 /* Component */ = {
			isa = PBXGroup;
			children = (
				0637A9A2263E87820076CB04 /* View+ViewController */,
				0637A9A4263E87930076CB04 /* Model */,
				0637A9A9263E89540076CB04 /* ViewModel */,
			);
			path = Component;
			sourceTree = "<group>";
		};
		06C1C3D4263D99F4004FA0C4 /* Storyboard */ = {
			isa = PBXGroup;
			children = (
				064F8960263BFDFB00C6F508 /* Main.storyboard */,
				06C1C3D5263D9A1D004FA0C4 /* CoraData.storyboard */,
				064F8965263BFDFE00C6F508 /* LaunchScreen.storyboard */,
				06EEAEDB2642BBFD0099C104 /* Gallery.storyboard */,
			);
			path = Storyboard;
			sourceTree = "<group>";
		};
		06EEAE9F264285970099C104 /* Extensions */ = {
			isa = PBXGroup;
			children = (
				06EEAE9C2642857A0099C104 /* Extension+UIAlertController.swift */,
			);
			path = Extensions;
			sourceTree = "<group>";
		};
		06EEAED82642B79E0099C104 /* RxMediaPicker */ = {
			isa = PBXGroup;
			children = (
				06EEAED52642B6680099C104 /* RxMediaPicker.swift */,
			);
			path = RxMediaPicker;
			sourceTree = "<group>";
		};
		06EEAEE72642BD7B0099C104 /* Gallery */ = {
			isa = PBXGroup;
			children = (
				06EEAEE92642BD8B0099C104 /* View+ViewController */,
				06EEAEEE2642BDAD0099C104 /* ViewModel */,
				06EEAEFA2642C3FF0099C104 /* Model */,
			);
			path = Gallery;
			sourceTree = "<group>";
		};
		06EEAEE92642BD8B0099C104 /* View+ViewController */ = {
			isa = PBXGroup;
			children = (
				06EEAEE32642BD6D0099C104 /* GalleryViewController.swift */,
				06EEAEFC2642C6940099C104 /* Cell */,
			);
			path = "View+ViewController";
			sourceTree = "<group>";
		};
		06EEAEEE2642BDAD0099C104 /* ViewModel */ = {
			isa = PBXGroup;
			children = (
				06EEAEEB2642BDA60099C104 /* GalleryViewModel.swift */,
			);
			path = ViewModel;
			sourceTree = "<group>";
		};
		06EEAEFA2642C3FF0099C104 /* Model */ = {
			isa = PBXGroup;
			children = (
				06EEAEF72642C3DA0099C104 /* GalleryModel.swift */,
			);
			path = Model;
			sourceTree = "<group>";
		};
		06EEAEFC2642C6940099C104 /* Cell */ = {
			isa = PBXGroup;
			children = (
				06EEAEF12642C2850099C104 /* GalleryCollectionCell.swift */,
				06EEAEF22642C2850099C104 /* GalleryCollectionCell.xib */,
			);
			path = Cell;
			sourceTree = "<group>";
		};
		0F2A2F3DDB4D254510EFCCF1 /* Frameworks */ = {
			isa = PBXGroup;
			children = (
				1D73FB7E9D3F49EE7C8E69FD /* Pods_RxSwift_Project.framework */,
			);
			name = Frameworks;
			sourceTree = "<group>";
		};
		5B0051C387F4CC8DAB736DAB /* Pods */ = {
			isa = PBXGroup;
			children = (
				447DF1EDE267E66388339885 /* Pods-RxSwift-Project.debug.xcconfig */,
				CE27F1B2494418CD76B219E9 /* Pods-RxSwift-Project.release.xcconfig */,
			);
			path = Pods;
			sourceTree = "<group>";
		};
/* End PBXGroup section */

/* Begin PBXNativeTarget section */
		064F8956263BFDFB00C6F508 /* RxSwift-Project */ = {
			isa = PBXNativeTarget;
			buildConfigurationList = 064F896B263BFDFE00C6F508 /* Build configuration list for PBXNativeTarget "RxSwift-Project" */;
			buildPhases = (
				0808D2C813028C8060E7A0BD /* [CP] Check Pods Manifest.lock */,
				064F8953263BFDFB00C6F508 /* Sources */,
				064F8954263BFDFB00C6F508 /* Frameworks */,
				064F8955263BFDFB00C6F508 /* Resources */,
				E09BD3C9F762E326AC2B3A40 /* [CP] Embed Pods Frameworks */,
			);
			buildRules = (
			);
			dependencies = (
			);
			name = "RxSwift-Project";
			productName = "RxSwift-Project";
			productReference = 064F8957263BFDFB00C6F508 /* RxSwift-Project.app */;
			productType = "com.apple.product-type.application";
		};
/* End PBXNativeTarget section */

/* Begin PBXProject section */
		064F894F263BFDFB00C6F508 /* Project object */ = {
			isa = PBXProject;
			attributes = {
				LastSwiftUpdateCheck = 1240;
				LastUpgradeCheck = 1240;
				TargetAttributes = {
					064F8956263BFDFB00C6F508 = {
						CreatedOnToolsVersion = 12.4;
					};
				};
			};
			buildConfigurationList = 064F8952263BFDFB00C6F508 /* Build configuration list for PBXProject "RxSwift-Project" */;
			compatibilityVersion = "Xcode 9.3";
			developmentRegion = en;
			hasScannedForEncodings = 0;
			knownRegions = (
				en,
				Base,
			);
			mainGroup = 064F894E263BFDFB00C6F508;
			productRefGroup = 064F8958263BFDFB00C6F508 /* Products */;
			projectDirPath = "";
			projectRoot = "";
			targets = (
				064F8956263BFDFB00C6F508 /* RxSwift-Project */,
			);
		};
/* End PBXProject section */

/* Begin PBXResourcesBuildPhase section */
		064F8955263BFDFB00C6F508 /* Resources */ = {
			isa = PBXResourcesBuildPhase;
			buildActionMask = 2147483647;
			files = (
				06EEAEF42642C2850099C104 /* GalleryCollectionCell.xib in Resources */,
				064F8967263BFDFE00C6F508 /* LaunchScreen.storyboard in Resources */,
				06EEAEDC2642BBFD0099C104 /* Gallery.storyboard in Resources */,
				06C1C3D6263D9A1D004FA0C4 /* CoraData.storyboard in Resources */,
				064F8964263BFDFE00C6F508 /* Assets.xcassets in Resources */,
				064F8962263BFDFB00C6F508 /* Main.storyboard in Resources */,
			);
			runOnlyForDeploymentPostprocessing = 0;
		};
/* End PBXResourcesBuildPhase section */

/* Begin PBXShellScriptBuildPhase section */
		0808D2C813028C8060E7A0BD /* [CP] Check Pods Manifest.lock */ = {
			isa = PBXShellScriptBuildPhase;
			buildActionMask = 2147483647;
			files = (
			);
			inputFileListPaths = (
			);
			inputPaths = (
				"${PODS_PODFILE_DIR_PATH}/Podfile.lock",
				"${PODS_ROOT}/Manifest.lock",
			);
			name = "[CP] Check Pods Manifest.lock";
			outputFileListPaths = (
			);
			outputPaths = (
				"$(DERIVED_FILE_DIR)/Pods-RxSwift-Project-checkManifestLockResult.txt",
			);
			runOnlyForDeploymentPostprocessing = 0;
			shellPath = /bin/sh;
			shellScript = "diff \"${PODS_PODFILE_DIR_PATH}/Podfile.lock\" \"${PODS_ROOT}/Manifest.lock\" > /dev/null\nif [ $? != 0 ] ; then\n    # print error to STDERR\n    echo \"error: The sandbox is not in sync with the Podfile.lock. Run 'pod install' or update your CocoaPods installation.\" >&2\n    exit 1\nfi\n# This output is used by Xcode 'outputs' to avoid re-running this script phase.\necho \"SUCCESS\" > \"${SCRIPT_OUTPUT_FILE_0}\"\n";
			showEnvVarsInLog = 0;
		};
		E09BD3C9F762E326AC2B3A40 /* [CP] Embed Pods Frameworks */ = {
			isa = PBXShellScriptBuildPhase;
			buildActionMask = 2147483647;
			files = (
			);
			inputFileListPaths = (
				"${PODS_ROOT}/Target Support Files/Pods-RxSwift-Project/Pods-RxSwift-Project-frameworks-${CONFIGURATION}-input-files.xcfilelist",
			);
			name = "[CP] Embed Pods Frameworks";
			outputFileListPaths = (
				"${PODS_ROOT}/Target Support Files/Pods-RxSwift-Project/Pods-RxSwift-Project-frameworks-${CONFIGURATION}-output-files.xcfilelist",
			);
			runOnlyForDeploymentPostprocessing = 0;
			shellPath = /bin/sh;
			shellScript = "\"${PODS_ROOT}/Target Support Files/Pods-RxSwift-Project/Pods-RxSwift-Project-frameworks.sh\"\n";
			showEnvVarsInLog = 0;
		};
/* End PBXShellScriptBuildPhase section */

/* Begin PBXSourcesBuildPhase section */
		064F8953263BFDFB00C6F508 /* Sources */ = {
			isa = PBXSourcesBuildPhase;
			buildActionMask = 2147483647;
			files = (
				0684F4C4263FEE6300A45304 /* String+Extension.swift in Sources */,
				06EEAEF82642C3DA0099C104 /* GalleryModel.swift in Sources */,
				0637A9A7263E89510076CB04 /* ComponentViewModel.swift in Sources */,
				06C1C3D2263D97AB004FA0C4 /* AddUserViewController.swift in Sources */,
				06AF1090263C1136001ACDB0 /* CoreDataListModel.swift in Sources */,
				06AF1099263C1540001ACDB0 /* ComponentModel.swift in Sources */,
				0665B12F26400DAD00D0D398 /* User.swift in Sources */,
				06EEAED62642B6680099C104 /* RxMediaPicker.swift in Sources */,
				06EEAE66264268E50099C104 /* Text.swift in Sources */,
				064F895F263BFDFB00C6F508 /* ComponentListViewController.swift in Sources */,
				0637A9AD263E89790076CB04 /* ViewModelProtocol.swift in Sources */,
				0665B14D26402A1B00D0D398 /* CoreDataUserListViewModel.swift in Sources */,
				06EEAEEC2642BDA60099C104 /* GalleryViewModel.swift in Sources */,
				0637A9A0263E87750076CB04 /* AddUserViewModel.swift in Sources */,
				064F895B263BFDFB00C6F508 /* AppDelegate.swift in Sources */,
				06EEAEF32642C2850099C104 /* GalleryCollectionCell.swift in Sources */,
				06EEAE9D2642857A0099C104 /* Extension+UIAlertController.swift in Sources */,
				06EEAE6926426AA60099C104 /* MobileViewModel.swift in Sources */,
				06EEAE6C26426B2D0099C104 /* FullNameViewModel.swift in Sources */,
				069A871E263C4A58008F8A60 /* RxSwift-Project.xcdatamodeld in Sources */,
				066BD297263FC4D400EB24B5 /* RegexType.swift in Sources */,
				06EEAE63264268C30099C104 /* EmailViewModel.swift in Sources */,
				06AF1086263C10D2001ACDB0 /* CoreDataListViewController.swift in Sources */,
				064F895D263BFDFB00C6F508 /* SceneDelegate.swift in Sources */,
				06EEAEE42642BD6D0099C104 /* GalleryViewController.swift in Sources */,
				06C1C3CF263D901E004FA0C4 /* CoreDataModel.swift in Sources */,
				069A86DF263C2761008F8A60 /* Storyboarable.swift in Sources */,
			);
			runOnlyForDeploymentPostprocessing = 0;
		};
/* End PBXSourcesBuildPhase section */

/* Begin PBXVariantGroup section */
		064F8960263BFDFB00C6F508 /* Main.storyboard */ = {
			isa = PBXVariantGroup;
			children = (
				064F8961263BFDFB00C6F508 /* Base */,
			);
			name = Main.storyboard;
			sourceTree = "<group>";
		};
		064F8965263BFDFE00C6F508 /* LaunchScreen.storyboard */ = {
			isa = PBXVariantGroup;
			children = (
				064F8966263BFDFE00C6F508 /* Base */,
			);
			name = LaunchScreen.storyboard;
			sourceTree = "<group>";
		};
/* End PBXVariantGroup section */

/* Begin XCBuildConfiguration section */
		064F8969263BFDFE00C6F508 /* Debug */ = {
			isa = XCBuildConfiguration;
			buildSettings = {
				ALWAYS_SEARCH_USER_PATHS = NO;
				CLANG_ANALYZER_NONNULL = YES;
				CLANG_ANALYZER_NUMBER_OBJECT_CONVERSION = YES_AGGRESSIVE;
				CLANG_CXX_LANGUAGE_STANDARD = "gnu++14";
				CLANG_CXX_LIBRARY = "libc++";
				CLANG_ENABLE_MODULES = YES;
				CLANG_ENABLE_OBJC_ARC = YES;
				CLANG_ENABLE_OBJC_WEAK = YES;
				CLANG_WARN_BLOCK_CAPTURE_AUTORELEASING = YES;
				CLANG_WARN_BOOL_CONVERSION = YES;
				CLANG_WARN_COMMA = YES;
				CLANG_WARN_CONSTANT_CONVERSION = YES;
				CLANG_WARN_DEPRECATED_OBJC_IMPLEMENTATIONS = YES;
				CLANG_WARN_DIRECT_OBJC_ISA_USAGE = YES_ERROR;
				CLANG_WARN_DOCUMENTATION_COMMENTS = YES;
				CLANG_WARN_EMPTY_BODY = YES;
				CLANG_WARN_ENUM_CONVERSION = YES;
				CLANG_WARN_INFINITE_RECURSION = YES;
				CLANG_WARN_INT_CONVERSION = YES;
				CLANG_WARN_NON_LITERAL_NULL_CONVERSION = YES;
				CLANG_WARN_OBJC_IMPLICIT_RETAIN_SELF = YES;
				CLANG_WARN_OBJC_LITERAL_CONVERSION = YES;
				CLANG_WARN_OBJC_ROOT_CLASS = YES_ERROR;
				CLANG_WARN_QUOTED_INCLUDE_IN_FRAMEWORK_HEADER = YES;
				CLANG_WARN_RANGE_LOOP_ANALYSIS = YES;
				CLANG_WARN_STRICT_PROTOTYPES = YES;
				CLANG_WARN_SUSPICIOUS_MOVE = YES;
				CLANG_WARN_UNGUARDED_AVAILABILITY = YES_AGGRESSIVE;
				CLANG_WARN_UNREACHABLE_CODE = YES;
				CLANG_WARN__DUPLICATE_METHOD_MATCH = YES;
				COPY_PHASE_STRIP = NO;
				DEBUG_INFORMATION_FORMAT = dwarf;
				ENABLE_STRICT_OBJC_MSGSEND = YES;
				ENABLE_TESTABILITY = YES;
				GCC_C_LANGUAGE_STANDARD = gnu11;
				GCC_DYNAMIC_NO_PIC = NO;
				GCC_NO_COMMON_BLOCKS = YES;
				GCC_OPTIMIZATION_LEVEL = 0;
				GCC_PREPROCESSOR_DEFINITIONS = (
					"DEBUG=1",
					"$(inherited)",
				);
				GCC_WARN_64_TO_32_BIT_CONVERSION = YES;
				GCC_WARN_ABOUT_RETURN_TYPE = YES_ERROR;
				GCC_WARN_UNDECLARED_SELECTOR = YES;
				GCC_WARN_UNINITIALIZED_AUTOS = YES_AGGRESSIVE;
				GCC_WARN_UNUSED_FUNCTION = YES;
				GCC_WARN_UNUSED_VARIABLE = YES;
				IPHONEOS_DEPLOYMENT_TARGET = 14.4;
				MTL_ENABLE_DEBUG_INFO = INCLUDE_SOURCE;
				MTL_FAST_MATH = YES;
				ONLY_ACTIVE_ARCH = YES;
				SDKROOT = iphoneos;
				SWIFT_ACTIVE_COMPILATION_CONDITIONS = DEBUG;
				SWIFT_OPTIMIZATION_LEVEL = "-Onone";
			};
			name = Debug;
		};
		064F896A263BFDFE00C6F508 /* Release */ = {
			isa = XCBuildConfiguration;
			buildSettings = {
				ALWAYS_SEARCH_USER_PATHS = NO;
				CLANG_ANALYZER_NONNULL = YES;
				CLANG_ANALYZER_NUMBER_OBJECT_CONVERSION = YES_AGGRESSIVE;
				CLANG_CXX_LANGUAGE_STANDARD = "gnu++14";
				CLANG_CXX_LIBRARY = "libc++";
				CLANG_ENABLE_MODULES = YES;
				CLANG_ENABLE_OBJC_ARC = YES;
				CLANG_ENABLE_OBJC_WEAK = YES;
				CLANG_WARN_BLOCK_CAPTURE_AUTORELEASING = YES;
				CLANG_WARN_BOOL_CONVERSION = YES;
				CLANG_WARN_COMMA = YES;
				CLANG_WARN_CONSTANT_CONVERSION = YES;
				CLANG_WARN_DEPRECATED_OBJC_IMPLEMENTATIONS = YES;
				CLANG_WARN_DIRECT_OBJC_ISA_USAGE = YES_ERROR;
				CLANG_WARN_DOCUMENTATION_COMMENTS = YES;
				CLANG_WARN_EMPTY_BODY = YES;
				CLANG_WARN_ENUM_CONVERSION = YES;
				CLANG_WARN_INFINITE_RECURSION = YES;
				CLANG_WARN_INT_CONVERSION = YES;
				CLANG_WARN_NON_LITERAL_NULL_CONVERSION = YES;
				CLANG_WARN_OBJC_IMPLICIT_RETAIN_SELF = YES;
				CLANG_WARN_OBJC_LITERAL_CONVERSION = YES;
				CLANG_WARN_OBJC_ROOT_CLASS = YES_ERROR;
				CLANG_WARN_QUOTED_INCLUDE_IN_FRAMEWORK_HEADER = YES;
				CLANG_WARN_RANGE_LOOP_ANALYSIS = YES;
				CLANG_WARN_STRICT_PROTOTYPES = YES;
				CLANG_WARN_SUSPICIOUS_MOVE = YES;
				CLANG_WARN_UNGUARDED_AVAILABILITY = YES_AGGRESSIVE;
				CLANG_WARN_UNREACHABLE_CODE = YES;
				CLANG_WARN__DUPLICATE_METHOD_MATCH = YES;
				COPY_PHASE_STRIP = NO;
				DEBUG_INFORMATION_FORMAT = "dwarf-with-dsym";
				ENABLE_NS_ASSERTIONS = NO;
				ENABLE_STRICT_OBJC_MSGSEND = YES;
				GCC_C_LANGUAGE_STANDARD = gnu11;
				GCC_NO_COMMON_BLOCKS = YES;
				GCC_WARN_64_TO_32_BIT_CONVERSION = YES;
				GCC_WARN_ABOUT_RETURN_TYPE = YES_ERROR;
				GCC_WARN_UNDECLARED_SELECTOR = YES;
				GCC_WARN_UNINITIALIZED_AUTOS = YES_AGGRESSIVE;
				GCC_WARN_UNUSED_FUNCTION = YES;
				GCC_WARN_UNUSED_VARIABLE = YES;
				IPHONEOS_DEPLOYMENT_TARGET = 14.4;
				MTL_ENABLE_DEBUG_INFO = NO;
				MTL_FAST_MATH = YES;
				SDKROOT = iphoneos;
				SWIFT_COMPILATION_MODE = wholemodule;
				SWIFT_OPTIMIZATION_LEVEL = "-O";
				VALIDATE_PRODUCT = YES;
			};
			name = Release;
		};
		064F896C263BFDFE00C6F508 /* Debug */ = {
			isa = XCBuildConfiguration;
			baseConfigurationReference = 447DF1EDE267E66388339885 /* Pods-RxSwift-Project.debug.xcconfig */;
			buildSettings = {
				ASSETCATALOG_COMPILER_APPICON_NAME = AppIcon;
				ASSETCATALOG_COMPILER_GLOBAL_ACCENT_COLOR_NAME = AccentColor;
				CODE_SIGN_STYLE = Automatic;
				INFOPLIST_FILE = "RxSwift-Project/Info.plist";
				IPHONEOS_DEPLOYMENT_TARGET = 13.0;
				LD_RUNPATH_SEARCH_PATHS = (
					"$(inherited)",
					"@executable_path/Frameworks",
				);
				PRODUCT_BUNDLE_IDENTIFIER = "com.mi.RxSwift-Project";
				PRODUCT_NAME = "$(TARGET_NAME)";
				SWIFT_VERSION = 5.0;
				TARGETED_DEVICE_FAMILY = 1;
			};
			name = Debug;
		};
		064F896D263BFDFE00C6F508 /* Release */ = {
			isa = XCBuildConfiguration;
			baseConfigurationReference = CE27F1B2494418CD76B219E9 /* Pods-RxSwift-Project.release.xcconfig */;
			buildSettings = {
				ASSETCATALOG_COMPILER_APPICON_NAME = AppIcon;
				ASSETCATALOG_COMPILER_GLOBAL_ACCENT_COLOR_NAME = AccentColor;
				CODE_SIGN_STYLE = Automatic;
				INFOPLIST_FILE = "RxSwift-Project/Info.plist";
				IPHONEOS_DEPLOYMENT_TARGET = 13.0;
				LD_RUNPATH_SEARCH_PATHS = (
					"$(inherited)",
					"@executable_path/Frameworks",
				);
				PRODUCT_BUNDLE_IDENTIFIER = "com.mi.RxSwift-Project";
				PRODUCT_NAME = "$(TARGET_NAME)";
				SWIFT_VERSION = 5.0;
				TARGETED_DEVICE_FAMILY = 1;
			};
			name = Release;
		};
/* End XCBuildConfiguration section */

/* Begin XCConfigurationList section */
		064F8952263BFDFB00C6F508 /* Build configuration list for PBXProject "RxSwift-Project" */ = {
			isa = XCConfigurationList;
			buildConfigurations = (
				064F8969263BFDFE00C6F508 /* Debug */,
				064F896A263BFDFE00C6F508 /* Release */,
			);
			defaultConfigurationIsVisible = 0;
			defaultConfigurationName = Release;
		};
		064F896B263BFDFE00C6F508 /* Build configuration list for PBXNativeTarget "RxSwift-Project" */ = {
			isa = XCConfigurationList;
			buildConfigurations = (
				064F896C263BFDFE00C6F508 /* Debug */,
				064F896D263BFDFE00C6F508 /* Release */,
			);
			defaultConfigurationIsVisible = 0;
			defaultConfigurationName = Release;
		};
/* End XCConfigurationList section */

/* Begin XCVersionGroup section */
		069A871C263C4A58008F8A60 /* RxSwift-Project.xcdatamodeld */ = {
			isa = XCVersionGroup;
			children = (
				069A871D263C4A58008F8A60 /* Model.xcdatamodel */,
			);
			currentVersion = 069A871D263C4A58008F8A60 /* Model.xcdatamodel */;
			path = "RxSwift-Project.xcdatamodeld";
			sourceTree = "<group>";
			versionGroupType = wrapper.xcdatamodel;
		};
/* End XCVersionGroup section */
	};
	rootObject = 064F894F263BFDFB00C6F508 /* Project object */;
}
